
Microsoft Visual Studio Solution File, Format Version 12.00
# Visual Studio Version 17
VisualStudioVersion = 17.6.33829.357
MinimumVisualStudioVersion = 10.0.40219.1
Project("{FAE04EC0-301F-11D3-BF4B-00C04F79EFBC}") = "Imdb_API", "Imdb_API\Imdb_API.csproj", "{19BD1202-0495-4840-BAA3-F96274D71637}"
EndProject
Global
	GlobalSection(SolutionConfigurationPlatforms) = preSolution
		Debug|Any CPU = Debug|Any CPU
		Release|Any CPU = Release|Any CPU
	EndGlobalSection
	GlobalSection(ProjectConfigurationPlatforms) = postSolution
		{19BD1202-0495-4840-BAA3-F96274D71637}.Debug|Any CPU.ActiveCfg = Debug|Any CPU
		{19BD1202-0495-4840-BAA3-F96274D71637}.Debug|Any CPU.Build.0 = Debug|Any CPU
		{19BD1202-0495-4840-BAA3-F96274D71637}.Release|Any CPU.ActiveCfg = Release|Any CPU
		{19BD1202-0495-4840-BAA3-F96274D71637}.Release|Any CPU.Build.0 = Release|Any CPU
	EndGlobalSection
	GlobalSection(SolutionProperties) = preSolution
		HideSolutionNode = FALSE
	EndGlobalSection
	GlobalSection(ExtensibilityGlobals) = postSolution
		SolutionGuid = {F4B25818-77AB-451A-AF05-E6D3EDCBC664}
	EndGlobalSection
EndGlobal
